
Microsoft Visual Studio Solution File, Format Version 12.00
# Visual Studio Version 17
VisualStudioVersion = 17.4.33122.133
MinimumVisualStudioVersion = 10.0.40219.1
Project("{FAE04EC0-301F-11D3-BF4B-00C04F79EFBC}") = "Прога", "Прога\Прога.csproj", "{0D2026BC-CD91-452F-9F3F-5ED5FE64BC98}"
EndProject
Global
	GlobalSection(SolutionConfigurationPlatforms) = preSolution
		Debug|Any CPU = Debug|Any CPU
		Release|Any CPU = Release|Any CPU
	EndGlobalSection
	GlobalSection(ProjectConfigurationPlatforms) = postSolution
		{0D2026BC-CD91-452F-9F3F-5ED5FE64BC98}.Debug|Any CPU.ActiveCfg = Debug|Any CPU
		{0D2026BC-CD91-452F-9F3F-5ED5FE64BC98}.Debug|Any CPU.Build.0 = Debug|Any CPU
		{0D2026BC-CD91-452F-9F3F-5ED5FE64BC98}.Release|Any CPU.ActiveCfg = Release|Any CPU
		{0D2026BC-CD91-452F-9F3F-5ED5FE64BC98}.Release|Any CPU.Build.0 = Release|Any CPU
	EndGlobalSection
	GlobalSection(SolutionProperties) = preSolution
		HideSolutionNode = FALSE
	EndGlobalSection
	GlobalSection(ExtensibilityGlobals) = postSolution
		SolutionGuid = {1A49E3AE-B077-4271-B0D4-62043FD9011F}
	EndGlobalSection
EndGlobal
